
Microsoft Visual Studio Solution File, Format Version 12.00
# Visual Studio Version 16
VisualStudioVersion = 16.0.31911.196
MinimumVisualStudioVersion = 10.0.40219.1
Project("{FAE04EC0-301F-11D3-BF4B-00C04F79EFBC}") = "Demo_LOGIN_REGISTER", "Demo_LOGIN_REGISTER\Demo_LOGIN_REGISTER.csproj", "{13697D28-2B16-447C-AD95-E2E269E961B1}"
EndProject
Global
	GlobalSection(SolutionConfigurationPlatforms) = preSolution
		Debug|Any CPU = Debug|Any CPU
		Release|Any CPU = Release|Any CPU
	EndGlobalSection
	GlobalSection(ProjectConfigurationPlatforms) = postSolution
		{13697D28-2B16-447C-AD95-E2E269E961B1}.Debug|Any CPU.ActiveCfg = Debug|Any CPU
		{13697D28-2B16-447C-AD95-E2E269E961B1}.Debug|Any CPU.Build.0 = Debug|Any CPU
		{13697D28-2B16-447C-AD95-E2E269E961B1}.Release|Any CPU.ActiveCfg = Release|Any CPU
		{13697D28-2B16-447C-AD95-E2E269E961B1}.Release|Any CPU.Build.0 = Release|Any CPU
	EndGlobalSection
	GlobalSection(SolutionProperties) = preSolution
		HideSolutionNode = FALSE
	EndGlobalSection
	GlobalSection(ExtensibilityGlobals) = postSolution
		SolutionGuid = {70202F14-EF36-4284-8EDA-5D29835EC9BF}
	EndGlobalSection
EndGlobal
